# THIS IS AN AUTOGENERATED FILE. DO NOT EDIT THIS FILE DIRECTLY.
# yarn lockfile v1


nuxt-validate@^1.0.1:
  version "1.0.1"
  resolved "https://registry.yarnpkg.com/nuxt-validate/-/nuxt-validate-1.0.1.tgz#a493aa0dadad7b7f6b156aba8d609f8e01a6ae98"
  integrity sha512-bapuCMxQkpQpTkM5wCRhN/qcLpU7Pxlg3c33rA1kstafa3KsCEQ4uEBYSrTbzTCL8HjyihBdJp7P11M8zaWjAw==
  dependencies:
    vee-validate "^2.1.2"

resize-observer-polyfill@^1.5.1:
  version "1.5.1"
  resolved "https://registry.yarnpkg.com/resize-observer-polyfill/-/resize-observer-polyfill-1.5.1.tgz#0e9020dd3d21024458d4ebd27e23e40269810464"
  integrity sha512-LwZrotdHOo12nQuZlHEmtuXdqGoOD0OhaxopaNFxWzInpEgaLWoVuAMbTzixuosCx2nEG58ngzW3vxdWoxIgdg==

vee-validate@^2.1.2:
  version "2.2.15"
  resolved "https://registry.yarnpkg.com/vee-validate/-/vee-validate-2.2.15.tgz#dc6c925d21e57288d3308fe5a39a0941036c575a"
  integrity sha512-4TOsI8XwVkKVLkg8Nhmy+jyoJrR6XcTRDyxBarzcCvYzU61zamipS1WsB6FlDze8eJQpgglS4NXAS6o4NDPs1g==

vue-js-modal@^2.0.0-rc.6:
  version "2.0.0-rc.6"
  resolved "https://registry.yarnpkg.com/vue-js-modal/-/vue-js-modal-2.0.0-rc.6.tgz#2fd596c79a713d2cbf447150abb5fefce65efd2d"
  integrity sha512-bJOm7Yhrl0ur/QyXjoC3gMMmE7UxiVEcS2rl8v9iPXIe9QLvjiCSZElSOvvyps8LNuG1X0rPifZGxI/CWKCFaw==
  dependencies:
    resize-observer-polyfill "^1.5.1"
